Microsoft Visual Studio Solution File, Format Version 12.00
# Visual Studio 15
VisualStudioVersion = 15.0.26228.12
MinimumVisualStudioVersion = 10.0.40219.1
Project("{FAE04EC0-301F-11D3-BF4B-00C04F79EFBC}") = "FlexView", "FlexView\FlexView.csproj", "{A42C5176-537C-4996-A956-F1219A3A21A4}"
EndProject
Project("{FAE04EC0-301F-11D3-BF4B-00C04F79EFBC}") = "FlexCalc", "FlexCalc\FlexCalc.csproj", "{E071E8DA-F9BB-4637-84D6-A17A98E65D5B}"
EndProject
Project("{FAE04EC0-301F-11D3-BF4B-00C04F79EFBC}") = "LangWars", "LangWars\LangWars.csproj", "{AAE316DA-FD5D-4EFC-8634-BC657E781F9A}"
EndProject
Global
	GlobalSection(SolutionConfigurationPlatforms) = preSolution
		Debug|iPhoneSimulator = Debug|iPhoneSimulator
		Release|iPhoneSimulator = Release|iPhoneSimulator
		Debug|iPhone = Debug|iPhone
		Release|iPhone = Release|iPhone
		Ad-Hoc|iPhone = Ad-Hoc|iPhone
		AppStore|iPhone = AppStore|iPhone
	EndGlobalSection
	GlobalSection(ProjectConfigurationPlatforms) = postSolution
		{A42C5176-537C-4996-A956-F1219A3A21A4}.Ad-Hoc|iPhone.ActiveCfg = Ad-Hoc|iPhone
		{A42C5176-537C-4996-A956-F1219A3A21A4}.Ad-Hoc|iPhone.Build.0 = Ad-Hoc|iPhone
		{A42C5176-537C-4996-A956-F1219A3A21A4}.AppStore|iPhone.ActiveCfg = AppStore|iPhone
		{A42C5176-537C-4996-A956-F1219A3A21A4}.AppStore|iPhone.Build.0 = AppStore|iPhone
		{A42C5176-537C-4996-A956-F1219A3A21A4}.Debug|iPhone.ActiveCfg = Debug|iPhone
		{A42C5176-537C-4996-A956-F1219A3A21A4}.Debug|iPhone.Build.0 = Debug|iPhone
		{A42C5176-537C-4996-A956-F1219A3A21A4}.Debug|iPhoneSimulator.ActiveCfg = Debug|iPhoneSimulator
		{A42C5176-537C-4996-A956-F1219A3A21A4}.Debug|iPhoneSimulator.Build.0 = Debug|iPhoneSimulator
		{A42C5176-537C-4996-A956-F1219A3A21A4}.Release|iPhone.ActiveCfg = Release|iPhone
		{A42C5176-537C-4996-A956-F1219A3A21A4}.Release|iPhone.Build.0 = Release|iPhone
		{A42C5176-537C-4996-A956-F1219A3A21A4}.Release|iPhoneSimulator.ActiveCfg = Release|iPhoneSimulator
		{A42C5176-537C-4996-A956-F1219A3A21A4}.Release|iPhoneSimulator.Build.0 = Release|iPhoneSimulator
		{A42C5176-537C-4996-A956-F1219A3A21A4}.Trial|Any CPU.ActiveCfg = Debug|iPhoneSimulator
		{A42C5176-537C-4996-A956-F1219A3A21A4}.Trial|Any CPU.Build.0 = Debug|iPhoneSimulator
		{AAE316DA-FD5D-4EFC-8634-BC657E781F9A}.Ad-Hoc|iPhone.ActiveCfg = Ad-Hoc|iPhone
		{AAE316DA-FD5D-4EFC-8634-BC657E781F9A}.Ad-Hoc|iPhone.Build.0 = Ad-Hoc|iPhone
		{AAE316DA-FD5D-4EFC-8634-BC657E781F9A}.AppStore|iPhone.ActiveCfg = AppStore|iPhone
		{AAE316DA-FD5D-4EFC-8634-BC657E781F9A}.AppStore|iPhone.Build.0 = AppStore|iPhone
		{AAE316DA-FD5D-4EFC-8634-BC657E781F9A}.Debug|iPhone.ActiveCfg = Debug|iPhone
		{AAE316DA-FD5D-4EFC-8634-BC657E781F9A}.Debug|iPhone.Build.0 = Debug|iPhone
		{AAE316DA-FD5D-4EFC-8634-BC657E781F9A}.Debug|iPhoneSimulator.ActiveCfg = Debug|iPhoneSimulator
		{AAE316DA-FD5D-4EFC-8634-BC657E781F9A}.Debug|iPhoneSimulator.Build.0 = Debug|iPhoneSimulator
		{AAE316DA-FD5D-4EFC-8634-BC657E781F9A}.Release|iPhone.ActiveCfg = Release|iPhone
		{AAE316DA-FD5D-4EFC-8634-BC657E781F9A}.Release|iPhone.Build.0 = Release|iPhone
		{AAE316DA-FD5D-4EFC-8634-BC657E781F9A}.Release|iPhoneSimulator.ActiveCfg = Release|iPhoneSimulator
		{AAE316DA-FD5D-4EFC-8634-BC657E781F9A}.Release|iPhoneSimulator.Build.0 = Release|iPhoneSimulator
		{AAE316DA-FD5D-4EFC-8634-BC657E781F9A}.Trial|Any CPU.ActiveCfg = Debug|iPhoneSimulator
		{AAE316DA-FD5D-4EFC-8634-BC657E781F9A}.Trial|Any CPU.Build.0 = Debug|iPhoneSimulator
		{E071E8DA-F9BB-4637-84D6-A17A98E65D5B}.Ad-Hoc|iPhone.ActiveCfg = Ad-Hoc|iPhone
		{E071E8DA-F9BB-4637-84D6-A17A98E65D5B}.Ad-Hoc|iPhone.Build.0 = Ad-Hoc|iPhone
		{E071E8DA-F9BB-4637-84D6-A17A98E65D5B}.AppStore|iPhone.ActiveCfg = AppStore|iPhone
		{E071E8DA-F9BB-4637-84D6-A17A98E65D5B}.AppStore|iPhone.Build.0 = AppStore|iPhone
		{E071E8DA-F9BB-4637-84D6-A17A98E65D5B}.Debug|iPhone.ActiveCfg = Debug|iPhone
		{E071E8DA-F9BB-4637-84D6-A17A98E65D5B}.Debug|iPhone.Build.0 = Debug|iPhone
		{E071E8DA-F9BB-4637-84D6-A17A98E65D5B}.Debug|iPhoneSimulator.ActiveCfg = Debug|iPhoneSimulator
		{E071E8DA-F9BB-4637-84D6-A17A98E65D5B}.Debug|iPhoneSimulator.Build.0 = Debug|iPhoneSimulator
		{E071E8DA-F9BB-4637-84D6-A17A98E65D5B}.Release|iPhone.ActiveCfg = Release|iPhone
		{E071E8DA-F9BB-4637-84D6-A17A98E65D5B}.Release|iPhone.Build.0 = Release|iPhone
		{E071E8DA-F9BB-4637-84D6-A17A98E65D5B}.Release|iPhoneSimulator.ActiveCfg = Release|iPhoneSimulator
		{E071E8DA-F9BB-4637-84D6-A17A98E65D5B}.Release|iPhoneSimulator.Build.0 = Release|iPhoneSimulator
		{E071E8DA-F9BB-4637-84D6-A17A98E65D5B}.Trial|Any CPU.ActiveCfg = Debug|iPhoneSimulator
		{E071E8DA-F9BB-4637-84D6-A17A98E65D5B}.Trial|Any CPU.Build.0 = Debug|iPhoneSimulator
	EndGlobalSection
EndGlobal
