Microsoft Visual Studio Solution File, Format Version 12.00
# Visual Studio Version 17
VisualStudioVersion = 17.0.31612.314
MinimumVisualStudioVersion = 10.0.40219.1
Project("{FAE04EC0-301F-11D3-BF4B-00C04F79EFBC}") = "FlexCalc", "FlexCalc\FlexCalc.csproj", "{1D73E5D9-2031-4709-96DA-6F1A9466C05F}"
EndProject
Project("{FAE04EC0-301F-11D3-BF4B-00C04F79EFBC}") = "LangWars", "LangWars\LangWars.csproj", "{503CE940-45F1-4EBE-8F92-2BCBDAD07259}"
EndProject
Global
	GlobalSection(SolutionConfigurationPlatforms) = preSolution
		Debug|ARM = Debug|ARM
		Debug|x64 = Debug|x64
		Debug|x86 = Debug|x86
		Release|ARM = Release|ARM
		Release|x64 = Release|x64
		Release|x86 = Release|x86
	EndGlobalSection
	GlobalSection(ProjectConfigurationPlatforms) = postSolution
		{1D73E5D9-2031-4709-96DA-6F1A9466C05F}.Debug|ARM.ActiveCfg = Debug|ARM
		{1D73E5D9-2031-4709-96DA-6F1A9466C05F}.Debug|ARM.Build.0 = Debug|ARM
		{1D73E5D9-2031-4709-96DA-6F1A9466C05F}.Debug|ARM.Deploy.0 = Debug|ARM
		{1D73E5D9-2031-4709-96DA-6F1A9466C05F}.Debug|x64.ActiveCfg = Debug|x64
		{1D73E5D9-2031-4709-96DA-6F1A9466C05F}.Debug|x64.Build.0 = Debug|x64
		{1D73E5D9-2031-4709-96DA-6F1A9466C05F}.Debug|x64.Deploy.0 = Debug|x64
		{1D73E5D9-2031-4709-96DA-6F1A9466C05F}.Debug|x86.ActiveCfg = Debug|x86
		{1D73E5D9-2031-4709-96DA-6F1A9466C05F}.Debug|x86.Build.0 = Debug|x86
		{1D73E5D9-2031-4709-96DA-6F1A9466C05F}.Debug|x86.Deploy.0 = Debug|x86
		{1D73E5D9-2031-4709-96DA-6F1A9466C05F}.Release|ARM.ActiveCfg = Release|ARM
		{1D73E5D9-2031-4709-96DA-6F1A9466C05F}.Release|ARM.Build.0 = Release|ARM
		{1D73E5D9-2031-4709-96DA-6F1A9466C05F}.Release|ARM.Deploy.0 = Release|ARM
		{1D73E5D9-2031-4709-96DA-6F1A9466C05F}.Release|x64.ActiveCfg = Release|x64
		{1D73E5D9-2031-4709-96DA-6F1A9466C05F}.Release|x64.Build.0 = Release|x64
		{1D73E5D9-2031-4709-96DA-6F1A9466C05F}.Release|x64.Deploy.0 = Release|x64
		{1D73E5D9-2031-4709-96DA-6F1A9466C05F}.Release|x86.ActiveCfg = Release|x86
		{1D73E5D9-2031-4709-96DA-6F1A9466C05F}.Release|x86.Build.0 = Release|x86
		{1D73E5D9-2031-4709-96DA-6F1A9466C05F}.Release|x86.Deploy.0 = Release|x86
		{503CE940-45F1-4EBE-8F92-2BCBDAD07259}.Debug|ARM.ActiveCfg = Debug|ARM
		{503CE940-45F1-4EBE-8F92-2BCBDAD07259}.Debug|ARM.Build.0 = Debug|ARM
		{503CE940-45F1-4EBE-8F92-2BCBDAD07259}.Debug|ARM.Deploy.0 = Debug|ARM
		{503CE940-45F1-4EBE-8F92-2BCBDAD07259}.Debug|x64.ActiveCfg = Debug|x64
		{503CE940-45F1-4EBE-8F92-2BCBDAD07259}.Debug|x64.Build.0 = Debug|x64
		{503CE940-45F1-4EBE-8F92-2BCBDAD07259}.Debug|x64.Deploy.0 = Debug|x64
		{503CE940-45F1-4EBE-8F92-2BCBDAD07259}.Debug|x86.ActiveCfg = Debug|x86
		{503CE940-45F1-4EBE-8F92-2BCBDAD07259}.Debug|x86.Build.0 = Debug|x86
		{503CE940-45F1-4EBE-8F92-2BCBDAD07259}.Debug|x86.Deploy.0 = Debug|x86
		{503CE940-45F1-4EBE-8F92-2BCBDAD07259}.Release|ARM.ActiveCfg = Release|ARM
		{503CE940-45F1-4EBE-8F92-2BCBDAD07259}.Release|ARM.Build.0 = Release|ARM
		{503CE940-45F1-4EBE-8F92-2BCBDAD07259}.Release|ARM.Deploy.0 = Release|ARM
		{503CE940-45F1-4EBE-8F92-2BCBDAD07259}.Release|x64.ActiveCfg = Release|x64
		{503CE940-45F1-4EBE-8F92-2BCBDAD07259}.Release|x64.Build.0 = Release|x64
		{503CE940-45F1-4EBE-8F92-2BCBDAD07259}.Release|x64.Deploy.0 = Release|x64
		{503CE940-45F1-4EBE-8F92-2BCBDAD07259}.Release|x86.ActiveCfg = Release|x86
		{503CE940-45F1-4EBE-8F92-2BCBDAD07259}.Release|x86.Build.0 = Release|x86
		{503CE940-45F1-4EBE-8F92-2BCBDAD07259}.Release|x86.Deploy.0 = Release|x86
	EndGlobalSection
	GlobalSection(SolutionProperties) = preSolution
		HideSolutionNode = FALSE
	EndGlobalSection
EndGlobal
