Microsoft Visual Studio Solution File, Format Version 12.00
# Visual Studio Version 16
VisualStudioVersion = 16.0.28714.193
MinimumVisualStudioVersion = 10.0.40219.1
Project("{FAE04EC0-301F-11D3-BF4B-00C04F79EFBC}") = "FlexCalc", "FlexCalc\FlexCalc.csproj", "{AC593120-4038-4D96-9AF3-CD69D17ED869}"
EndProject
Project("{FAE04EC0-301F-11D3-BF4B-00C04F79EFBC}") = "LangWars", "LangWars\LangWars.csproj", "{DA5E1DF0-FFA0-4325-905A-2D24AC4A40E6}"
EndProject
Global
	GlobalSection(SolutionConfigurationPlatforms) = preSolution
		Debug|Any CPU = Debug|Any CPU
		Release|Any CPU = Release|Any CPU
	EndGlobalSection
	GlobalSection(ProjectConfigurationPlatforms) = postSolution
		{AC593120-4038-4D96-9AF3-CD69D17ED869}.Debug|Any CPU.ActiveCfg = Debug|Any CPU
		{AC593120-4038-4D96-9AF3-CD69D17ED869}.Debug|Any CPU.Build.0 = Debug|Any CPU
		{AC593120-4038-4D96-9AF3-CD69D17ED869}.Debug|Any CPU.Deploy.0 = Debug|Any CPU
		{AC593120-4038-4D96-9AF3-CD69D17ED869}.Release|Any CPU.ActiveCfg = Release|Any CPU
		{AC593120-4038-4D96-9AF3-CD69D17ED869}.Release|Any CPU.Build.0 = Release|Any CPU
		{AC593120-4038-4D96-9AF3-CD69D17ED869}.Trial|Any CPU.ActiveCfg = Debug|Any CPU
		{AC593120-4038-4D96-9AF3-CD69D17ED869}.Trial|Any CPU.Build.0 = Debug|Any CPU
		{DA5E1DF0-FFA0-4325-905A-2D24AC4A40E6}.Debug|Any CPU.ActiveCfg = Debug|Any CPU
		{DA5E1DF0-FFA0-4325-905A-2D24AC4A40E6}.Debug|Any CPU.Build.0 = Debug|Any CPU
		{DA5E1DF0-FFA0-4325-905A-2D24AC4A40E6}.Debug|Any CPU.Deploy.0 = Debug|Any CPU
		{DA5E1DF0-FFA0-4325-905A-2D24AC4A40E6}.Release|Any CPU.ActiveCfg = Release|Any CPU
		{DA5E1DF0-FFA0-4325-905A-2D24AC4A40E6}.Release|Any CPU.Build.0 = Release|Any CPU
		{DA5E1DF0-FFA0-4325-905A-2D24AC4A40E6}.Trial|Any CPU.ActiveCfg = Debug|Any CPU
		{DA5E1DF0-FFA0-4325-905A-2D24AC4A40E6}.Trial|Any CPU.Build.0 = Debug|Any CPU
	EndGlobalSection
	GlobalSection(SolutionProperties) = preSolution
		HideSolutionNode = FALSE
	EndGlobalSection
	GlobalSection(ExtensibilityGlobals) = postSolution
		SolutionGuid = {26F86522-B74B-41A8-AC55-EA6A6221E3CF}
	EndGlobalSection
	GlobalSection(MonoDevelopProperties) = preSolution
		StartupItem = LangWars\LangWars.csproj
		version = 7.11.0.0
	EndGlobalSection
EndGlobal
